{
  "name": "ng-hoepel-common",
  "version": "0.0.1",
  "lockfileVersion": 1,
  "requires": true,
  "dependencies": {
    "@angular/animations": {
      "version": "8.0.2",
      "resolved": "https://registry.npmjs.org/@angular/animations/-/animations-8.0.2.tgz",
      "integrity": "sha512-6buaGp6sgyLWbjioGU0Wp/O9nFEQqD2L18uX5g5P5hdpq0bgopAbBee7AefJ8Kc/Kf79FlaKu9fKP5AEkeC8tA==",
      "dev": true,
      "requires": {
        "tslib": "^1.9.0"
      }
    },
    "@angular/cdk": {
      "version": "8.0.1",
      "resolved": "https://registry.npmjs.org/@angular/cdk/-/cdk-8.0.1.tgz",
      "integrity": "sha512-Ul7rVU/rr4qGHs1w24P/6MHEosYp8AHRxBHrp/yJ50eHbHVS31FyfO8gKfNqPc1bnL1YoYYCs0hIBwNDaz8uDg==",
      "dev": true,
      "requires": {
        "parse5": "^5.0.0",
        "tslib": "^1.7.1"
      }
    },
    "@angular/flex-layout": {
      "version": "8.0.0-beta.26",
      "resolved": "https://registry.npmjs.org/@angular/flex-layout/-/flex-layout-8.0.0-beta.26.tgz",
      "integrity": "sha512-lXDLlMSNQhidW0grvisIsj/3gqLuYyN2MvABuRYybnFTc233sXGZuOAaulqq663LA0/DP/GNcz6a+A4ZAAlmPA==",
      "dev": true,
      "requires": {
        "tslib": "^1.7.1"
      }
    },
    "@angular/material": {
      "version": "8.0.1",
      "resolved": "https://registry.npmjs.org/@angular/material/-/material-8.0.1.tgz",
      "integrity": "sha512-BozIS+9yiqFTfXBoZfhFUibY8meDUcv/e+CxhSHyv3vZw9XVTNTbiaX7tX/FX0Ai+1VKnwRTGrKvPKGFSqynCA==",
      "dev": true,
      "requires": {
        "tslib": "^1.7.1"
      }
    },
    "@hoepel.app/types": {
      "version": "1.3.0-beta.3",
      "resolved": "https://registry.npmjs.org/@hoepel.app/types/-/types-1.3.0-beta.3.tgz",
      "integrity": "sha512-qjYFk5QXzyRJ0oHbm9cR2RJk8iJpBGwutXrOQU9vxOBNNwpFbTh9EsPZ7qMzw7doS+THFZzzdZtSdeIzYBp+FA==",
      "dev": true,
      "requires": {
        "@types/lodash": "^4.14.112",
        "lodash": "^4.17.11",
        "virginity-ts": "^0.1.0"
      }
    },
    "@types/lodash": {
      "version": "4.14.134",
      "resolved": "https://registry.npmjs.org/@types/lodash/-/lodash-4.14.134.tgz",
      "integrity": "sha512-2/O0khFUCFeDlbi7sZ7ZFRCcT812fAeOLm7Ev4KbwASkZ575TDrDcY7YyaoHdTOzKcNbfiwLYZqPmoC4wadrsw==",
      "dev": true
    },
    "lodash": {
      "version": "4.17.11",
      "resolved": "https://registry.npmjs.org/lodash/-/lodash-4.17.11.tgz",
      "integrity": "sha512-cQKh8igo5QUhZ7lg38DYWAxMvjSAKG0A8wGSVimP07SIUEK2UO+arSRKbRZWtelMtN5V0Hkwh5ryOto/SshYIg==",
      "dev": true
    },
    "parse5": {
      "version": "5.1.0",
      "resolved": "https://registry.npmjs.org/parse5/-/parse5-5.1.0.tgz",
      "integrity": "sha512-fxNG2sQjHvlVAYmzBZS9YlDp6PTSSDwa98vkD4QgVDDCAo84z5X1t5XyJQ62ImdLXx5NdIIfihey6xpum9/gRQ==",
      "dev": true,
      "optional": true
    },
    "tslib": {
      "version": "1.10.0",
      "resolved": "https://registry.npmjs.org/tslib/-/tslib-1.10.0.tgz",
      "integrity": "sha512-qOebF53frne81cf0S9B41ByenJ3/IuH8yJKngAX35CmiZySA0khhkovshKK+jGCaMnVomla7gVlIcc3EvKPbTQ==",
      "dev": true
    },
    "virginity-ts": {
      "version": "0.1.0",
      "resolved": "https://registry.npmjs.org/virginity-ts/-/virginity-ts-0.1.0.tgz",
      "integrity": "sha512-w+eL/DxAo45Q9Mjlyx6zqVQPQwHrSu6hNU+gY51ZscdF3pRwJAWFpZPqtkv87Cp34y4wvQ51TRc026sRvolm3g==",
      "dev": true
    }
  }
}
